<?xml version="1.0" encoding="utf-8"?>
<Project ToolsVersion="4.0" xmlns="http://schemas.microsoft.com/developer/msbuild/2003">
  <ItemGroup>
    <Filter Include="Source Files">
      <UniqueIdentifier>{4FC737F1-C7A5-4376-A066-2A32D752A2FF}</UniqueIdentifier>
      <Extensions>cpp;c;cc;cxx;def;odl;idl;hpj;bat;asm;asmx</Extensions>
    </Filter>
    <Filter Include="Header Files">
      <UniqueIdentifier>{93995380-89BD-4b04-88EB-625FBE52EBFB}</UniqueIdentifier>
      <Extensions>h;hh;hpp;hxx;hm;inl;inc;xsd</Extensions>
    </Filter>
    <Filter Include="Resource Files">
      <UniqueIdentifier>{67DA6AB6-F800-4c08-8B7A-83BB121AAD01}</UniqueIdentifier>
      <Extensions>qrc;rc;ico;cur;bmp;dlg;rc2;rct;bin;rgs;gif;jpg;jpeg;jpe;resx;tiff;tif;png;wav;mfcribbon-ms</Extensions>
    </Filter>
    <Filter Include="Form Files">
      <UniqueIdentifier>{99349809-55BA-4b9d-BF79-8FDBB0286EB3}</UniqueIdentifier>
      <Extensions>ui</Extensions>
    </Filter>
    <Filter Include="Translation Files">
      <UniqueIdentifier>{639EADAA-A684-42e4-A9AD-28FC9BCB8F7C}</UniqueIdentifier>
      <Extensions>ts</Extensions>
    </Filter>
    <Filter Include="Source Files\Shader">
      <UniqueIdentifier>{1eb0e028-cb27-4aca-8eba-4462e9184f41}</UniqueIdentifier>
    </Filter>
    <Filter Include="Source Files\Triangulation">
      <UniqueIdentifier>{bf429145-314e-4f4c-806c-80d4a380e6c5}</UniqueIdentifier>
    </Filter>
    <Filter Include="Header Files\Triangulation">
      <UniqueIdentifier>{043f83b8-58cf-446a-b25b-e8021d066ae6}</UniqueIdentifier>
    </Filter>
  </ItemGroup>
  <ItemGroup>
    <QtRcc Include="RTBaseline.qrc">
      <Filter>Resource Files</Filter>
    </QtRcc>
    <QtUic Include="RTBaseline.ui">
      <Filter>Form Files</Filter>
    </QtUic>
    <QtMoc Include="RTBaseline.h">
      <Filter>Header Files</Filter>
    </QtMoc>
    <ClCompile Include="RTBaseline.cpp">
      <Filter>Source Files</Filter>
    </ClCompile>
  </ItemGroup>
  <ItemGroup>
    <ClCompile Include="main.cpp">
      <Filter>Source Files</Filter>
    </ClCompile>
    <ClCompile Include="PrimitiveDB.cpp">
      <Filter>Source Files</Filter>
    </ClCompile>
    <ClCompile Include="Lexer_Parser.cpp">
      <Filter>Source Files</Filter>
    </ClCompile>
    <ClCompile Include="OpenGL4.6\glad.c">
      <Filter>Source Files</Filter>
    </ClCompile>
    <ClCompile Include="GLObject.cpp">
      <Filter>Source Files</Filter>
    </ClCompile>
    <ClCompile Include="Log.cpp">
      <Filter>Source Files</Filter>
    </ClCompile>
    <ClCompile Include="triangulation\poly2tri\sweep\advancing_front.cc">
      <Filter>Source Files\Triangulation</Filter>
    </ClCompile>
    <ClCompile Include="triangulation\poly2tri\sweep\cdt.cc">
      <Filter>Source Files\Triangulation</Filter>
    </ClCompile>
    <ClCompile Include="triangulation\clip2tri\clip2tri.cpp">
      <Filter>Source Files\Triangulation</Filter>
    </ClCompile>
    <ClCompile Include="triangulation\clipper\clipper.cpp">
      <Filter>Source Files\Triangulation</Filter>
    </ClCompile>
    <ClCompile Include="triangulation\poly2tri\common\shapes.cc">
      <Filter>Source Files\Triangulation</Filter>
    </ClCompile>
    <ClCompile Include="triangulation\poly2tri\sweep\sweep.cc">
      <Filter>Source Files\Triangulation</Filter>
    </ClCompile>
    <ClCompile Include="triangulation\poly2tri\sweep\sweep_context.cc">
      <Filter>Source Files\Triangulation</Filter>
    </ClCompile>
  </ItemGroup>
  <ItemGroup>
    <ClInclude Include="Lexer_Parser.h">
      <Filter>Header Files</Filter>
    </ClInclude>
    <ClInclude Include="PrimitiveDB.h">
      <Filter>Header Files</Filter>
    </ClInclude>
    <ClInclude Include="GLObject.h">
      <Filter>Header Files</Filter>
    </ClInclude>
    <ClInclude Include="Log.h">
      <Filter>Header Files</Filter>
    </ClInclude>
    <ClInclude Include="triangulation\poly2tri\sweep\advancing_front.h">
      <Filter>Header Files\Triangulation</Filter>
    </ClInclude>
    <ClInclude Include="triangulation\poly2tri\sweep\cdt.h">
      <Filter>Header Files\Triangulation</Filter>
    </ClInclude>
    <ClInclude Include="triangulation\clip2tri\clip2tri.h">
      <Filter>Header Files\Triangulation</Filter>
    </ClInclude>
    <ClInclude Include="triangulation\clipper\clipper.hpp">
      <Filter>Header Files\Triangulation</Filter>
    </ClInclude>
    <ClInclude Include="triangulation\poly2tri\poly2tri.h">
      <Filter>Header Files\Triangulation</Filter>
    </ClInclude>
    <ClInclude Include="triangulation\poly2tri\common\shapes.h">
      <Filter>Header Files\Triangulation</Filter>
    </ClInclude>
    <ClInclude Include="triangulation\poly2tri\sweep\sweep.h">
      <Filter>Header Files\Triangulation</Filter>
    </ClInclude>
    <ClInclude Include="triangulation\poly2tri\sweep\sweep_context.h">
      <Filter>Header Files\Triangulation</Filter>
    </ClInclude>
    <ClInclude Include="triangulation\poly2tri\common\utils.h">
      <Filter>Header Files\Triangulation</Filter>
    </ClInclude>
  </ItemGroup>
  <ItemGroup>
    <None Include="drawPrimitives.vs.glsl">
      <Filter>Source Files\Shader</Filter>
    </None>
    <None Include="drawPrimitives.fs.glsl">
      <Filter>Source Files\Shader</Filter>
    </None>
    <None Include="TRQ.vs.glsl">
      <Filter>Source Files\Shader</Filter>
    </None>
    <None Include="TRQ.fs.glsl">
      <Filter>Source Files\Shader</Filter>
    </None>
    <None Include="computeEDR.cs.glsl">
      <Filter>Source Files\Shader</Filter>
    </None>
  </ItemGroup>
</Project>